
Microsoft Visual Studio Solution File, Format Version 12.00
# Visual Studio Version 16
VisualStudioVersion = 16.0.36128.20
MinimumVisualStudioVersion = 10.0.40219.1
Project("{FAE04EC0-301F-11D3-BF4B-00C04F79EFBC}") = "ProjectWebApplication", "ProjectWebApplication\ProjectWebApplication.csproj", "{4C0B7F51-0A9F-45B2-B9AF-BD44FC681EE1}"
EndProject
Global
	GlobalSection(SolutionConfigurationPlatforms) = preSolution
		Debug|Any CPU = Debug|Any CPU
		Release|Any CPU = Release|Any CPU
	EndGlobalSection
	GlobalSection(ProjectConfigurationPlatforms) = postSolution
		{4C0B7F51-0A9F-45B2-B9AF-BD44FC681EE1}.Debug|Any CPU.ActiveCfg = Debug|Any CPU
		{4C0B7F51-0A9F-45B2-B9AF-BD44FC681EE1}.Debug|Any CPU.Build.0 = Debug|Any CPU
		{4C0B7F51-0A9F-45B2-B9AF-BD44FC681EE1}.Release|Any CPU.ActiveCfg = Release|Any CPU
		{4C0B7F51-0A9F-45B2-B9AF-BD44FC681EE1}.Release|Any CPU.Build.0 = Release|Any CPU
	EndGlobalSection
	GlobalSection(SolutionProperties) = preSolution
		HideSolutionNode = FALSE
	EndGlobalSection
	GlobalSection(ExtensibilityGlobals) = postSolution
		SolutionGuid = {C024545D-FB3F-48C7-B384-9D979044C387}
	EndGlobalSection
EndGlobal
