
Microsoft Visual Studio Solution File, Format Version 12.00
# Visual Studio Version 16
VisualStudioVersion = 16.0.36128.20
MinimumVisualStudioVersion = 10.0.40219.1
Project("{E24C65DC-7377-472B-9ABA-BC803B73C61A}") = "ProjWCF", "ProjWCF\", "{1C40A8C3-BA75-49A1-8765-95681B91CC31}"
	ProjectSection(WebsiteProperties) = preProject
		TargetFrameworkMoniker = ".NETFramework,Version%3Dv4.7.2"
		Debug.AspNetCompiler.VirtualPath = "/localhost_63556"
		Debug.AspNetCompiler.PhysicalPath = "ProjWCF\"
		Debug.AspNetCompiler.TargetPath = "PrecompiledWeb\localhost_63556\"
		Debug.AspNetCompiler.Updateable = "true"
		Debug.AspNetCompiler.ForceOverwrite = "true"
		Debug.AspNetCompiler.FixedNames = "false"
		Debug.AspNetCompiler.Debug = "True"
		Release.AspNetCompiler.VirtualPath = "/localhost_63556"
		Release.AspNetCompiler.PhysicalPath = "ProjWCF\"
		Release.AspNetCompiler.TargetPath = "PrecompiledWeb\localhost_63556\"
		Release.AspNetCompiler.Updateable = "true"
		Release.AspNetCompiler.ForceOverwrite = "true"
		Release.AspNetCompiler.FixedNames = "false"
		Release.AspNetCompiler.Debug = "False"
		VWDPort = "63556"
		SlnRelativePath = "ProjWCF\"
		DefaultWebSiteLanguage = "Visual C#"
	EndProjectSection
EndProject
Global
	GlobalSection(SolutionConfigurationPlatforms) = preSolution
		Debug|Any CPU = Debug|Any CPU
	EndGlobalSection
	GlobalSection(ProjectConfigurationPlatforms) = postSolution
		{1C40A8C3-BA75-49A1-8765-95681B91CC31}.Debug|Any CPU.ActiveCfg = Debug|Any CPU
		{1C40A8C3-BA75-49A1-8765-95681B91CC31}.Debug|Any CPU.Build.0 = Debug|Any CPU
	EndGlobalSection
	GlobalSection(SolutionProperties) = preSolution
		HideSolutionNode = FALSE
	EndGlobalSection
	GlobalSection(ExtensibilityGlobals) = postSolution
		SolutionGuid = {5E13A3AE-9E60-4B0F-B82A-4C07272B86FA}
	EndGlobalSection
EndGlobal
